<?xml version="1.0" encoding="utf-8"?>
<Project ToolsVersion="4.0" xmlns="http://schemas.microsoft.com/developer/msbuild/2003">
  <ItemGroup>
    <Filter Include="Source Files">
      <UniqueIdentifier>{4FC737F1-C7A5-4376-A066-2A32D752A2FF}</UniqueIdentifier>
      <Extensions>cpp;c;cc;cxx;def;odl;idl;hpj;bat;asm;asmx</Extensions>
    </Filter>
    <Filter Include="Header Files">
      <UniqueIdentifier>{93995380-89BD-4b04-88EB-625FBE52EBFB}</UniqueIdentifier>
      <Extensions>h;hh;hpp;hxx;hm;inl;inc;xsd</Extensions>
    </Filter>
    <Filter Include="Resource Files">
      <UniqueIdentifier>{67DA6AB6-F800-4c08-8B7A-83BB121AAD01}</UniqueIdentifier>
      <Extensions>rc;ico;cur;bmp;dlg;rc2;rct;bin;rgs;gif;jpg;jpeg;jpe;resx;tiff;tif;png;wav;mfcribbon-ms</Extensions>
    </Filter>
    <Filter Include="Header Files\CommandPattern">
      <UniqueIdentifier>{3792f9cf-ee36-4aca-b043-9cd4cdede88a}</UniqueIdentifier>
    </Filter>
    <Filter Include="Source Files\CommandPatternImp">
      <UniqueIdentifier>{0fbb5821-3372-4a48-86e3-53d6c3e96018}</UniqueIdentifier>
    </Filter>
    <Filter Include="Header Files\Utils">
      <UniqueIdentifier>{422b60be-e369-4711-a3d0-dd6a1b5355e2}</UniqueIdentifier>
    </Filter>
    <Filter Include="Source Files\UtilsImp">
      <UniqueIdentifier>{efb2f786-b79e-40a4-a829-7d6dc6ccdcce}</UniqueIdentifier>
    </Filter>
    <Filter Include="Header Files\HornClauseTree">
      <UniqueIdentifier>{aeb5bd2e-42a4-44d5-9d98-2a96944ad926}</UniqueIdentifier>
    </Filter>
    <Filter Include="Source Files\HornClauseTreeImp">
      <UniqueIdentifier>{b6df9b18-d80a-4b0a-b63e-650556d71505}</UniqueIdentifier>
    </Filter>
    <Filter Include="Header Files\SymbolTable">
      <UniqueIdentifier>{f567b705-5451-4b70-9907-eb19f6d8033c}</UniqueIdentifier>
    </Filter>
    <Filter Include="Source Files\SymbolTableImp">
      <UniqueIdentifier>{472d9d55-9c4b-4e3a-aa32-c4c4a3008d7b}</UniqueIdentifier>
    </Filter>
    <Filter Include="Resource Files\files">
      <UniqueIdentifier>{0f00cd13-e9dc-44d1-a621-ca469b2c4943}</UniqueIdentifier>
    </Filter>
    <Filter Include="Header Files\HornClauseTree\Visitors">
      <UniqueIdentifier>{1fbe3ddd-3d6b-48f5-9b0e-8b29634fa031}</UniqueIdentifier>
    </Filter>
    <Filter Include="Source Files\HornClauseTreeImp\VisitorImp">
      <UniqueIdentifier>{aa45d111-8e9d-4e0d-86c0-0040a25713c8}</UniqueIdentifier>
    </Filter>
    <Filter Include="Header Files\Database">
      <UniqueIdentifier>{7e568cb9-c68a-4513-8032-ced82768c7f9}</UniqueIdentifier>
    </Filter>
    <Filter Include="Source Files\DatabaseImp">
      <UniqueIdentifier>{7d4d055b-a833-4813-8e6b-076d067023f0}</UniqueIdentifier>
    </Filter>
    <Filter Include="Header Files\Unifier">
      <UniqueIdentifier>{44e06784-9dbc-4960-a29b-314fe6c8aa3b}</UniqueIdentifier>
    </Filter>
    <Filter Include="Source Files\UnifierImp">
      <UniqueIdentifier>{79c95bac-7fd5-4037-8d2a-64b3f1083d77}</UniqueIdentifier>
    </Filter>
  </ItemGroup>
  <ItemGroup>
    <Text Include="ReadMe.txt" />
    <Text Include="files\cleanclauses.txt">
      <Filter>Resource Files\files</Filter>
    </Text>
    <Text Include="files\clauses.txt">
      <Filter>Resource Files\files</Filter>
    </Text>
    <Text Include="files\sample.txt">
      <Filter>Resource Files\files</Filter>
    </Text>
    <Text Include="files\extra.txt">
      <Filter>Resource Files\files</Filter>
    </Text>
    <Text Include="files\lab3_testcase.txt">
      <Filter>Resource Files\files</Filter>
    </Text>
  </ItemGroup>
  <ItemGroup>
    <ClInclude Include="stdafx.h">
      <Filter>Header Files</Filter>
    </ClInclude>
    <ClInclude Include="targetver.h">
      <Filter>Header Files</Filter>
    </ClInclude>
    <ClInclude Include="InputHandler.h">
      <Filter>Header Files\CommandPattern</Filter>
    </ClInclude>
    <ClInclude Include="ProgramException.h">
      <Filter>Header Files\Utils</Filter>
    </ClInclude>
    <ClInclude Include="Visitor.h">
      <Filter>Header Files\HornClauseTree\Visitors</Filter>
    </ClInclude>
    <ClInclude Include="Parser.h">
      <Filter>Header Files\HornClauseTree</Filter>
    </ClInclude>
    <ClInclude Include="Scanner.h">
      <Filter>Header Files\HornClauseTree</Filter>
    </ClInclude>
    <ClInclude Include="PrintVisitor.h">
      <Filter>Header Files\HornClauseTree\Visitors</Filter>
    </ClInclude>
    <ClInclude Include="SymbolTable.h">
      <Filter>Header Files\SymbolTable</Filter>
    </ClInclude>
    <ClInclude Include="Utils.h">
      <Filter>Header Files\Utils</Filter>
    </ClInclude>
    <ClInclude Include="PredicateEntry.h">
      <Filter>Header Files\SymbolTable</Filter>
    </ClInclude>
    <ClInclude Include="Unifier.h">
      <Filter>Header Files\Unifier</Filter>
    </ClInclude>
    <ClInclude Include="CommandProcessor.h">
      <Filter>Header Files\CommandPattern</Filter>
    </ClInclude>
    <ClInclude Include="OutputHandler.h">
      <Filter>Header Files\Utils</Filter>
    </ClInclude>
    <ClInclude Include="Commands.h">
      <Filter>Header Files\CommandPattern</Filter>
    </ClInclude>
    <ClInclude Include="HornclauseASTNodes.h">
      <Filter>Header Files\HornClauseTree</Filter>
    </ClInclude>
    <ClInclude Include="HornclauseTokens.h">
      <Filter>Header Files\HornClauseTree</Filter>
    </ClInclude>
    <ClInclude Include="HornclauseDatabase.h">
      <Filter>Header Files\Database</Filter>
    </ClInclude>
  </ItemGroup>
  <ItemGroup>
    <ClCompile Include="stdafx.cpp">
      <Filter>Source Files</Filter>
    </ClCompile>
    <ClCompile Include="InputHandler.cpp">
      <Filter>Source Files\CommandPatternImp</Filter>
    </ClCompile>
    <ClCompile Include="ProgramException.cpp">
      <Filter>Source Files\UtilsImp</Filter>
    </ClCompile>
    <ClCompile Include="Utils.cpp">
      <Filter>Source Files\UtilsImp</Filter>
    </ClCompile>
    <ClCompile Include="Parser.cpp">
      <Filter>Source Files\HornClauseTreeImp</Filter>
    </ClCompile>
    <ClCompile Include="Scanner.cpp">
      <Filter>Source Files\HornClauseTreeImp</Filter>
    </ClCompile>
    <ClCompile Include="PrintVisitor.cpp">
      <Filter>Source Files\HornClauseTreeImp\VisitorImp</Filter>
    </ClCompile>
    <ClCompile Include="SymbolTable.cpp">
      <Filter>Source Files\SymbolTableImp</Filter>
    </ClCompile>
    <ClCompile Include="PredicateEntry.cpp">
      <Filter>Source Files\SymbolTableImp</Filter>
    </ClCompile>
    <ClCompile Include="Unifier.cpp">
      <Filter>Source Files\UnifierImp</Filter>
    </ClCompile>
    <ClCompile Include="CommandProcessor.cpp">
      <Filter>Source Files\CommandPatternImp</Filter>
    </ClCompile>
    <ClCompile Include="OutputHandler.cpp">
      <Filter>Source Files\UtilsImp</Filter>
    </ClCompile>
    <ClCompile Include="Commands.cpp">
      <Filter>Source Files\CommandPatternImp</Filter>
    </ClCompile>
    <ClCompile Include="HornclauseASTNodes.cpp">
      <Filter>Source Files\HornClauseTreeImp</Filter>
    </ClCompile>
    <ClCompile Include="HornclauseTokens.cpp">
      <Filter>Source Files\HornClauseTreeImp</Filter>
    </ClCompile>
    <ClCompile Include="HornclauseDatabase.cpp">
      <Filter>Source Files\DatabaseImp</Filter>
    </ClCompile>
    <ClCompile Include="main.cpp">
      <Filter>Source Files</Filter>
    </ClCompile>
  </ItemGroup>
</Project>