<?xml version="1.0" encoding="utf-8"?>
<Project ToolsVersion="4.0" xmlns="http://schemas.microsoft.com/developer/msbuild/2003">
  <ItemGroup>
    <Filter Include="Source Files">
      <UniqueIdentifier>{4FC737F1-C7A5-4376-A066-2A32D752A2FF}</UniqueIdentifier>
      <Extensions>cpp;c;cc;cxx;def;odl;idl;hpj;bat;asm;asmx</Extensions>
    </Filter>
    <Filter Include="Header Files">
      <UniqueIdentifier>{93995380-89BD-4b04-88EB-625FBE52EBFB}</UniqueIdentifier>
      <Extensions>h;hh;hpp;hxx;hm;inl;inc;xsd</Extensions>
    </Filter>
    <Filter Include="Resource Files">
      <UniqueIdentifier>{67DA6AB6-F800-4c08-8B7A-83BB121AAD01}</UniqueIdentifier>
      <Extensions>rc;ico;cur;bmp;dlg;rc2;rct;bin;rgs;gif;jpg;jpeg;jpe;resx;tiff;tif;png;wav;mfcribbon-ms</Extensions>
    </Filter>
    <Filter Include="Header Files\CommandPattern">
      <UniqueIdentifier>{3792f9cf-ee36-4aca-b043-9cd4cdede88a}</UniqueIdentifier>
    </Filter>
    <Filter Include="Source Files\CommandPatternImp">
      <UniqueIdentifier>{0fbb5821-3372-4a48-86e3-53d6c3e96018}</UniqueIdentifier>
    </Filter>
    <Filter Include="Header Files\CommandPattern\Commands">
      <UniqueIdentifier>{8cb2d768-11d8-4b65-8ee9-e811e35117fc}</UniqueIdentifier>
    </Filter>
    <Filter Include="Header Files\Utils">
      <UniqueIdentifier>{422b60be-e369-4711-a3d0-dd6a1b5355e2}</UniqueIdentifier>
    </Filter>
    <Filter Include="Source Files\UtilsImp">
      <UniqueIdentifier>{efb2f786-b79e-40a4-a829-7d6dc6ccdcce}</UniqueIdentifier>
    </Filter>
    <Filter Include="Header Files\HornClauseTree">
      <UniqueIdentifier>{aeb5bd2e-42a4-44d5-9d98-2a96944ad926}</UniqueIdentifier>
    </Filter>
    <Filter Include="Source Files\HornClauseTreeImp">
      <UniqueIdentifier>{b6df9b18-d80a-4b0a-b63e-650556d71505}</UniqueIdentifier>
    </Filter>
    <Filter Include="Header Files\HornClauseTree\Nodes">
      <UniqueIdentifier>{61f1fe09-7549-4658-aa35-15bf3ae7250f}</UniqueIdentifier>
    </Filter>
    <Filter Include="Header Files\SymbolTable">
      <UniqueIdentifier>{f567b705-5451-4b70-9907-eb19f6d8033c}</UniqueIdentifier>
    </Filter>
    <Filter Include="Source Files\SymbolTableImp">
      <UniqueIdentifier>{472d9d55-9c4b-4e3a-aa32-c4c4a3008d7b}</UniqueIdentifier>
    </Filter>
    <Filter Include="Resource Files\files">
      <UniqueIdentifier>{0f00cd13-e9dc-44d1-a621-ca469b2c4943}</UniqueIdentifier>
    </Filter>
    <Filter Include="Header Files\HornClauseTree\Tokens">
      <UniqueIdentifier>{a33e3ca1-3e82-4b15-b5ab-d4fb6705956b}</UniqueIdentifier>
    </Filter>
    <Filter Include="Source Files\HornClauseTreeImp\NodesImp">
      <UniqueIdentifier>{9c95a6b1-a77f-49d2-9855-c83e7d6fe49f}</UniqueIdentifier>
    </Filter>
    <Filter Include="Source Files\HornClauseTreeImp\TokensImp">
      <UniqueIdentifier>{0f1ce80a-6fe0-4f46-a0ff-d614f115c2fd}</UniqueIdentifier>
    </Filter>
    <Filter Include="Header Files\HornClauseTree\Visitors">
      <UniqueIdentifier>{1fbe3ddd-3d6b-48f5-9b0e-8b29634fa031}</UniqueIdentifier>
    </Filter>
    <Filter Include="Source Files\HornClauseTreeImp\VisitorImp">
      <UniqueIdentifier>{aa45d111-8e9d-4e0d-86c0-0040a25713c8}</UniqueIdentifier>
    </Filter>
    <Filter Include="Header Files\Database">
      <UniqueIdentifier>{7e568cb9-c68a-4513-8032-ced82768c7f9}</UniqueIdentifier>
    </Filter>
    <Filter Include="Source Files\DatabaseImp">
      <UniqueIdentifier>{7d4d055b-a833-4813-8e6b-076d067023f0}</UniqueIdentifier>
    </Filter>
  </ItemGroup>
  <ItemGroup>
    <Text Include="ReadMe.txt" />
    <Text Include="files\cleanclauses.txt">
      <Filter>Resource Files\files</Filter>
    </Text>
    <Text Include="files\clauses.txt">
      <Filter>Resource Files\files</Filter>
    </Text>
  </ItemGroup>
  <ItemGroup>
    <ClInclude Include="stdafx.h">
      <Filter>Header Files</Filter>
    </ClInclude>
    <ClInclude Include="targetver.h">
      <Filter>Header Files</Filter>
    </ClInclude>
    <ClInclude Include="AssertCommand.h">
      <Filter>Header Files\CommandPattern\Commands</Filter>
    </ClInclude>
    <ClInclude Include="Command.h">
      <Filter>Header Files\CommandPattern\Commands</Filter>
    </ClInclude>
    <ClInclude Include="CommandProcessor.h">
      <Filter>Header Files\CommandPattern</Filter>
    </ClInclude>
    <ClInclude Include="DownCommand.h">
      <Filter>Header Files\CommandPattern\Commands</Filter>
    </ClInclude>
    <ClInclude Include="PrintCommand.h">
      <Filter>Header Files\CommandPattern\Commands</Filter>
    </ClInclude>
    <ClInclude Include="ProcessCommand.h">
      <Filter>Header Files\CommandPattern\Commands</Filter>
    </ClInclude>
    <ClInclude Include="RandomizeCommand.h">
      <Filter>Header Files\CommandPattern\Commands</Filter>
    </ClInclude>
    <ClInclude Include="ResolveCommand.h">
      <Filter>Header Files\CommandPattern\Commands</Filter>
    </ClInclude>
    <ClInclude Include="SetCommand.h">
      <Filter>Header Files\CommandPattern\Commands</Filter>
    </ClInclude>
    <ClInclude Include="UpCommand.h">
      <Filter>Header Files\CommandPattern\Commands</Filter>
    </ClInclude>
    <ClInclude Include="InputHandler.h">
      <Filter>Header Files\CommandPattern</Filter>
    </ClInclude>
    <ClInclude Include="ProgramException.h">
      <Filter>Header Files\Utils</Filter>
    </ClInclude>
    <ClInclude Include="BaseNode.h">
      <Filter>Header Files\HornClauseTree\Nodes</Filter>
    </ClInclude>
    <ClInclude Include="BodyNode.h">
      <Filter>Header Files\HornClauseTree\Nodes</Filter>
    </ClInclude>
    <ClInclude Include="HeadNode.h">
      <Filter>Header Files\HornClauseTree\Nodes</Filter>
    </ClInclude>
    <ClInclude Include="HornclauseNode.h">
      <Filter>Header Files\HornClauseTree\Nodes</Filter>
    </ClInclude>
    <ClInclude Include="PredicateNode.h">
      <Filter>Header Files\HornClauseTree\Nodes</Filter>
    </ClInclude>
    <ClInclude Include="RootNode.h">
      <Filter>Header Files\HornClauseTree\Nodes</Filter>
    </ClInclude>
    <ClInclude Include="UnknownNode.h">
      <Filter>Header Files\HornClauseTree\Nodes</Filter>
    </ClInclude>
    <ClInclude Include="SymbolNode.h">
      <Filter>Header Files\HornClauseTree\Nodes</Filter>
    </ClInclude>
    <ClInclude Include="NameNode.h">
      <Filter>Header Files\HornClauseTree\Nodes</Filter>
    </ClInclude>
    <ClInclude Include="BaseToken.h">
      <Filter>Header Files\HornClauseTree\Tokens</Filter>
    </ClInclude>
    <ClInclude Include="LabelToken.h">
      <Filter>Header Files\HornClauseTree\Tokens</Filter>
    </ClInclude>
    <ClInclude Include="NumberToken.h">
      <Filter>Header Files\HornClauseTree\Tokens</Filter>
    </ClInclude>
    <ClInclude Include="UnBoundToken.h">
      <Filter>Header Files\HornClauseTree\Tokens</Filter>
    </ClInclude>
    <ClInclude Include="BoundToken.h">
      <Filter>Header Files\HornClauseTree\Tokens</Filter>
    </ClInclude>
    <ClInclude Include="Visitor.h">
      <Filter>Header Files\HornClauseTree\Visitors</Filter>
    </ClInclude>
    <ClInclude Include="Parser.h">
      <Filter>Header Files\HornClauseTree</Filter>
    </ClInclude>
    <ClInclude Include="Scanner.h">
      <Filter>Header Files\HornClauseTree</Filter>
    </ClInclude>
    <ClInclude Include="PrintVisitor.h">
      <Filter>Header Files\HornClauseTree\Visitors</Filter>
    </ClInclude>
    <ClInclude Include="SymbolTable.h">
      <Filter>Header Files\SymbolTable</Filter>
    </ClInclude>
    <ClInclude Include="Utils.h">
      <Filter>Header Files\Utils</Filter>
    </ClInclude>
    <ClInclude Include="TokenOperator.h">
      <Filter>Header Files\HornClauseTree\Tokens</Filter>
    </ClInclude>
    <ClInclude Include="PredicateEntry.h">
      <Filter>Header Files</Filter>
    </ClInclude>
    <ClInclude Include="DeductiveDatabase.h">
      <Filter>Header Files\Database</Filter>
    </ClInclude>
  </ItemGroup>
  <ItemGroup>
    <ClCompile Include="stdafx.cpp">
      <Filter>Source Files</Filter>
    </ClCompile>
    <ClCompile Include="lab3.cpp">
      <Filter>Source Files</Filter>
    </ClCompile>
    <ClCompile Include="AssertCommand.cpp">
      <Filter>Source Files\CommandPatternImp</Filter>
    </ClCompile>
    <ClCompile Include="Command.cpp">
      <Filter>Source Files\CommandPatternImp</Filter>
    </ClCompile>
    <ClCompile Include="DownCommand.cpp">
      <Filter>Source Files\CommandPatternImp</Filter>
    </ClCompile>
    <ClCompile Include="PrintCommand.cpp">
      <Filter>Source Files\CommandPatternImp</Filter>
    </ClCompile>
    <ClCompile Include="ProcessCommand.cpp">
      <Filter>Source Files\CommandPatternImp</Filter>
    </ClCompile>
    <ClCompile Include="RandomizeCommand.cpp">
      <Filter>Source Files\CommandPatternImp</Filter>
    </ClCompile>
    <ClCompile Include="ResolveCommand.cpp">
      <Filter>Source Files\CommandPatternImp</Filter>
    </ClCompile>
    <ClCompile Include="SetCommand.cpp">
      <Filter>Source Files\CommandPatternImp</Filter>
    </ClCompile>
    <ClCompile Include="UpCommand.cpp">
      <Filter>Source Files\CommandPatternImp</Filter>
    </ClCompile>
    <ClCompile Include="InputHandler.cpp">
      <Filter>Source Files\CommandPatternImp</Filter>
    </ClCompile>
    <ClCompile Include="CommandProcessor.cpp">
      <Filter>Source Files\CommandPatternImp</Filter>
    </ClCompile>
    <ClCompile Include="ProgramException.cpp">
      <Filter>Source Files\UtilsImp</Filter>
    </ClCompile>
    <ClCompile Include="Utils.cpp">
      <Filter>Source Files\UtilsImp</Filter>
    </ClCompile>
    <ClCompile Include="BaseNode.cpp">
      <Filter>Source Files\HornClauseTreeImp\NodesImp</Filter>
    </ClCompile>
    <ClCompile Include="BodyNode.cpp">
      <Filter>Source Files\HornClauseTreeImp\NodesImp</Filter>
    </ClCompile>
    <ClCompile Include="HeadNode.cpp">
      <Filter>Source Files\HornClauseTreeImp\NodesImp</Filter>
    </ClCompile>
    <ClCompile Include="HornclauseNode.cpp">
      <Filter>Source Files\HornClauseTreeImp\NodesImp</Filter>
    </ClCompile>
    <ClCompile Include="PredicateNode.cpp">
      <Filter>Source Files\HornClauseTreeImp\NodesImp</Filter>
    </ClCompile>
    <ClCompile Include="RootNode.cpp">
      <Filter>Source Files\HornClauseTreeImp\NodesImp</Filter>
    </ClCompile>
    <ClCompile Include="SymbolNode.cpp">
      <Filter>Source Files\HornClauseTreeImp\NodesImp</Filter>
    </ClCompile>
    <ClCompile Include="UnknownNode.cpp">
      <Filter>Source Files\HornClauseTreeImp\NodesImp</Filter>
    </ClCompile>
    <ClCompile Include="TokenComparator.cpp">
      <Filter>Source Files\HornClauseTreeImp\TokensImp</Filter>
    </ClCompile>
    <ClCompile Include="BaseToken.cpp">
      <Filter>Source Files\HornClauseTreeImp\TokensImp</Filter>
    </ClCompile>
    <ClCompile Include="LabelToken.cpp">
      <Filter>Source Files\HornClauseTreeImp\TokensImp</Filter>
    </ClCompile>
    <ClCompile Include="NumberToken.cpp">
      <Filter>Source Files\HornClauseTreeImp\TokensImp</Filter>
    </ClCompile>
    <ClCompile Include="NameNode.cpp">
      <Filter>Source Files\HornClauseTreeImp\NodesImp</Filter>
    </ClCompile>
    <ClCompile Include="UnBoundToken.cpp">
      <Filter>Source Files\HornClauseTreeImp\TokensImp</Filter>
    </ClCompile>
    <ClCompile Include="BoundToken.cpp">
      <Filter>Source Files\HornClauseTreeImp\TokensImp</Filter>
    </ClCompile>
    <ClCompile Include="Parser.cpp">
      <Filter>Source Files\HornClauseTreeImp</Filter>
    </ClCompile>
    <ClCompile Include="Scanner.cpp">
      <Filter>Source Files\HornClauseTreeImp</Filter>
    </ClCompile>
    <ClCompile Include="PrintVisitor.cpp">
      <Filter>Source Files\HornClauseTreeImp\VisitorImp</Filter>
    </ClCompile>
    <ClCompile Include="SymbolTable.cpp">
      <Filter>Source Files\SymbolTableImp</Filter>
    </ClCompile>
    <ClCompile Include="PredicateEntry.cpp">
      <Filter>Source Files</Filter>
    </ClCompile>
    <ClCompile Include="DeductiveDatabase.cpp">
      <Filter>Source Files\DatabaseImp</Filter>
    </ClCompile>
  </ItemGroup>
</Project>